Version: 1 
Pad: CORNER0        			NW  PCORNERDGZ
Pad: ipad_ICACHE_rdata0         N
Pad: ipad_ICACHE_rdata1       	N
Pad: ipad_ICACHE_rdata2     	N
Pad: ipad_ICACHE_rdata3      	N
Pad: ipad_ICACHE_rdata4       	N
Pad: ipad_ICACHE_rdata5        	N
Pad: ipad_ICACHE_rdata6    		N
Pad: ipad_ICACHE_rdata7    		N
Pad: ipad_ICACHE_rdata8    		N
Pad: ipad_ICACHE_rdata9    		N
Pad: ipad_ICACHE_rdata10   		N
Pad: ipad_ICACHE_rdata11   		N
Pad: ipad_ICACHE_rdata12   		N
Pad: ipad_ICACHE_rdata13   		N
Pad: ipad_ICACHE_rdata14   		N
Pad: ipad_ICACHE_rdata15   		N
Pad: ipad_ICACHE_rdata16   		N
Pad: ipad_ICACHE_rdata17   		N
Pad: ipad_ICACHE_rdata18   		N
Pad: ipad_ICACHE_rdata19   		N
Pad: ipad_ICACHE_rdata20   		N
Pad: ipad_ICACHE_rdata21   		N
Pad: ipad_ICACHE_rdata22   		N
Pad: ipad_ICACHE_rdata23   		N
Pad: ipad_ICACHE_rdata24   		N
Pad: ipad_CoreVDD1   			N   PVDD1DGZ
Pad: ipad_CoreVSS1   			N   PVSS1DGZ
Pad: ipad_ICACHE_rdata25   		N
Pad: ipad_ICACHE_rdata26   		N
Pad: ipad_ICACHE_rdata27   		N
Pad: ipad_ICACHE_rdata28   		N
Pad: ipad_ICACHE_rdata29   		N
Pad: ipad_ICACHE_rdata30   		N
Pad: ipad_ICACHE_rdata31   		N
Pad: ipad_clk			   		N
Pad: ipad_rst			   		N
Pad: ipad_ICACHE_stall   		N
Pad: ipad_DCACHE_stall   		N
Pad: ipad_test_si		   		N
Pad: ipad_test_se		   		N
Pad: ipad_DCACHE_rdata0         N
Pad: ipad_DCACHE_rdata1       	N
Pad: ipad_DCACHE_rdata2     	N
Pad: ipad_DCACHE_rdata3      	N
Pad: ipad_DCACHE_rdata4       	N
Pad: ipad_DCACHE_rdata5        	N
Pad: ipad_DCACHE_rdata6    		N
Pad: ipad_DCACHE_rdata7    		N
Pad: ipad_DCACHE_rdata8    		N
Pad: ipad_DCACHE_rdata9    		N
Pad: ipad_DCACHE_rdata10   		N
Pad: ipad_DCACHE_rdata11   		N
Pad: ipad_DCACHE_rdata12   		N


Pad: CORNER1        		NE  PCORNERDGZ
Pad: opad_DCACHE_wdata31	W
Pad: opad_DCACHE_wdata30	W
Pad: opad_DCACHE_wdata29	W
Pad: opad_DCACHE_wdata28	W
Pad: opad_DCACHE_wdata27	W
Pad: opad_DCACHE_wdata26	W
Pad: opad_DCACHE_wdata25	W
Pad: opad_DCACHE_wdata24	W
Pad: opad_DCACHE_wdata23	W
Pad: opad_DCACHE_wdata22	W
Pad: opad_DCACHE_wdata21	W
Pad: opad_DCACHE_wdata20	W
Pad: opad_DCACHE_wdata19	W
Pad: opad_DCACHE_wdata18	W
Pad: opad_DCACHE_wdata17	W
Pad: opad_DCACHE_wdata16	W
Pad: opad_DCACHE_wdata15	W
Pad: opad_DCACHE_wdata14	W
Pad: opad_DCACHE_wdata13	W
Pad: opad_DCACHE_wdata12	W
Pad: opad_DCACHE_wdata11	W
Pad: opad_DCACHE_wdata10	W
Pad: opad_DCACHE_wdata9		W
Pad: opad_DCACHE_wdata8		W
Pad: opad_DCACHE_wdata7		W
Pad: opad_DCACHE_wdata6		W
Pad: ipad_IOVDD1    		W   PVDD2POC
Pad: ipad_IOVSS1     		W   PVSS2DGZ
Pad: opad_DCACHE_wdata5		W
Pad: opad_DCACHE_wdata4		W
Pad: opad_DCACHE_wdata3		W
Pad: opad_DCACHE_wdata2		W
Pad: opad_DCACHE_wdata1		W
Pad: opad_DCACHE_wdata0		W
Pad: opad_ICACHE_wdata31	W
Pad: opad_ICACHE_wdata30	W
Pad: opad_ICACHE_wdata29	W
Pad: opad_ICACHE_wdata28	W
Pad: opad_ICACHE_wdata27	W
Pad: opad_ICACHE_wdata26	W
Pad: opad_ICACHE_wdata25	W
Pad: opad_ICACHE_wdata24	W
Pad: opad_ICACHE_wdata23	W
Pad: opad_ICACHE_wdata22	W
Pad: opad_ICACHE_wdata21	W
Pad: opad_ICACHE_wdata20	W
Pad: opad_ICACHE_wdata19	W
Pad: opad_ICACHE_wdata18	W
Pad: opad_ICACHE_wdata17	W
Pad: opad_ICACHE_wdata16	W
Pad: opad_ICACHE_wdata15	W
Pad: opad_ICACHE_wdata14	W
Pad: opad_ICACHE_wdata13	W
 
Pad: CORNER2        		SW  PCORNERDGZ
Pad: opad_ICACHE_wdata12	S
Pad: opad_ICACHE_wdata11	S
Pad: opad_ICACHE_wdata10	S
Pad: opad_ICACHE_wdata9		S
Pad: opad_ICACHE_wdata8		S
Pad: opad_ICACHE_wdata7		S
Pad: opad_ICACHE_wdata6		S
Pad: opad_ICACHE_wdata5		S
Pad: opad_ICACHE_wdata4		S
Pad: opad_ICACHE_wdata3		S
Pad: opad_ICACHE_wdata2		S
Pad: opad_ICACHE_wdata1		S
Pad: opad_ICACHE_wdata0		S
Pad: opad_DCACHE_addr31		S
Pad: opad_DCACHE_addr30		S
Pad: opad_DCACHE_addr29		S
Pad: opad_DCACHE_addr28		S
Pad: opad_DCACHE_addr27		S
Pad: opad_DCACHE_addr26		S
Pad: opad_DCACHE_addr25		S
Pad: opad_DCACHE_addr24		S
Pad: opad_DCACHE_addr23		S
Pad: opad_DCACHE_addr22		S
Pad: opad_DCACHE_addr21		S
Pad: opad_DCACHE_addr20		S
Pad: opad_DCACHE_addr19		S
Pad: ipad_CoreVSS2  		S   PVSS1DGZ
Pad: ipad_CoreVDD2   		S   PVDD1DGZ
Pad: opad_DCACHE_addr18		S
Pad: opad_DCACHE_addr17		S
Pad: opad_DCACHE_addr16		S
Pad: opad_DCACHE_addr15		S
Pad: opad_DCACHE_addr14		S
Pad: opad_DCACHE_addr13		S
Pad: opad_DCACHE_addr12		S
Pad: opad_DCACHE_addr11		S
Pad: opad_DCACHE_addr10		S
Pad: opad_DCACHE_addr9		S
Pad: opad_DCACHE_addr8		S
Pad: opad_DCACHE_addr7		S
Pad: opad_DCACHE_addr6		S
Pad: opad_DCACHE_addr5		S
Pad: opad_DCACHE_addr4		S
Pad: opad_DCACHE_addr3		S
Pad: opad_DCACHE_addr2		S
Pad: opad_DCACHE_addr1		S
Pad: opad_DCACHE_addr0		S
Pad: opad_ICACHE_addr31     S
Pad: opad_ICACHE_addr30     S
Pad: opad_ICACHE_addr29     S
Pad: opad_ICACHE_addr28     S
Pad: opad_ICACHE_addr27     S


Pad: CORNER3        		SE  PCORNERDGZ
Pad: opad_ICACHE_addr26     E
Pad: opad_ICACHE_addr25     E
Pad: opad_ICACHE_addr24     E
Pad: opad_ICACHE_addr23     E
Pad: opad_ICACHE_addr22     E
Pad: opad_ICACHE_addr21     E
Pad: opad_ICACHE_addr20     E
Pad: opad_ICACHE_addr19     E
Pad: opad_ICACHE_addr18     E
Pad: opad_ICACHE_addr17     E
Pad: opad_ICACHE_addr16     E
Pad: opad_ICACHE_addr15     E
Pad: opad_ICACHE_addr14     E
Pad: opad_ICACHE_addr13		E
Pad: opad_ICACHE_addr12		E
Pad: opad_ICACHE_addr11		E
Pad: opad_ICACHE_addr10		E
Pad: opad_ICACHE_addr9		E
Pad: opad_ICACHE_addr8		E
Pad: opad_ICACHE_addr7		E
Pad: opad_ICACHE_addr6		E
Pad: opad_ICACHE_addr5		E
Pad: opad_ICACHE_addr4		E
Pad: opad_ICACHE_addr3		E
Pad: opad_ICACHE_addr2		E
Pad: opad_ICACHE_addr1		E
Pad: opad_ICACHE_addr0		E
Pad: ipad_IOVDD2    		E   PVDD2DGZ
Pad: ipad_IOVSS2    		E   PVSS2DGZ
Pad: opad_test_so			E
Pad: opad_DCACHE_wen		E
Pad: opad_DCACHE_ren		E
Pad: opad_ICACHE_wen		E
Pad: opad_ICACHE_ren		E
Pad: ipad_DCACHE_rdata31	E
Pad: ipad_DCACHE_rdata30	E
Pad: ipad_DCACHE_rdata29	E
Pad: ipad_DCACHE_rdata28	E
Pad: ipad_DCACHE_rdata27	E
Pad: ipad_DCACHE_rdata26	E
Pad: ipad_DCACHE_rdata25	E
Pad: ipad_DCACHE_rdata24	E
Pad: ipad_DCACHE_rdata23	E
Pad: ipad_DCACHE_rdata22	E
Pad: ipad_DCACHE_rdata21	E
Pad: ipad_DCACHE_rdata20	E
Pad: ipad_DCACHE_rdata19	E
Pad: ipad_DCACHE_rdata18	E
Pad: ipad_DCACHE_rdata17	E
Pad: ipad_DCACHE_rdata16	E
Pad: ipad_DCACHE_rdata15	E
Pad: ipad_DCACHE_rdata14	E
Pad: ipad_DCACHE_rdata13	E

